
Microsoft Visual Studio Solution File, Format Version 12.00
# Visual Studio Version 17
VisualStudioVersion = 17.9.34723.18
MinimumVisualStudioVersion = 10.0.40219.1
Project("{FAE04EC0-301F-11D3-BF4B-00C04F79EFBC}") = "SocialNetworkApp", "SocialNetworkApp\SocialNetworkApp.csproj", "{3D71028D-8D78-45AE-A4D0-DC4689362C21}"
EndProject
Global
	GlobalSection(SolutionConfigurationPlatforms) = preSolution
		Debug|Any CPU = Debug|Any CPU
		Release|Any CPU = Release|Any CPU
	EndGlobalSection
	GlobalSection(ProjectConfigurationPlatforms) = postSolution
		{3D71028D-8D78-45AE-A4D0-DC4689362C21}.Debug|Any CPU.ActiveCfg = Debug|Any CPU
		{3D71028D-8D78-45AE-A4D0-DC4689362C21}.Debug|Any CPU.Build.0 = Debug|Any CPU
		{3D71028D-8D78-45AE-A4D0-DC4689362C21}.Release|Any CPU.ActiveCfg = Release|Any CPU
		{3D71028D-8D78-45AE-A4D0-DC4689362C21}.Release|Any CPU.Build.0 = Release|Any CPU
	EndGlobalSection
	GlobalSection(SolutionProperties) = preSolution
		HideSolutionNode = FALSE
	EndGlobalSection
	GlobalSection(ExtensibilityGlobals) = postSolution
		SolutionGuid = {5F3DC128-7504-401C-A242-D4F435F03646}
	EndGlobalSection
EndGlobal
